
Microsoft Visual Studio Solution File, Format Version 12.00
# Visual Studio Version 17
VisualStudioVersion = 17.9.34616.47
MinimumVisualStudioVersion = 10.0.40219.1
Project("{FAE04EC0-301F-11D3-BF4B-00C04F79EFBC}") = "ImpliedVolatility", "ImpliedVolatility.csproj", "{AEF433FD-34CC-42C8-8D9F-CB5A61A25E53}"
EndProject
Global
	GlobalSection(SolutionConfigurationPlatforms) = preSolution
		Debug|Any CPU = Debug|Any CPU
		Release|Any CPU = Release|Any CPU
	EndGlobalSection
	GlobalSection(ProjectConfigurationPlatforms) = postSolution
		{AEF433FD-34CC-42C8-8D9F-CB5A61A25E53}.Debug|Any CPU.ActiveCfg = Debug|Any CPU
		{AEF433FD-34CC-42C8-8D9F-CB5A61A25E53}.Debug|Any CPU.Build.0 = Debug|Any CPU
		{AEF433FD-34CC-42C8-8D9F-CB5A61A25E53}.Release|Any CPU.ActiveCfg = Release|Any CPU
		{AEF433FD-34CC-42C8-8D9F-CB5A61A25E53}.Release|Any CPU.Build.0 = Release|Any CPU
	EndGlobalSection
	GlobalSection(SolutionProperties) = preSolution
		HideSolutionNode = FALSE
	EndGlobalSection
	GlobalSection(ExtensibilityGlobals) = postSolution
		SolutionGuid = {1E3B6125-5CF3-45AE-BCB0-68E94B787E03}
	EndGlobalSection
EndGlobal
